{
  "object": {
    "pins": [
      {
        "package": "SwiftyBeaver",
        "repositoryURL": "https://github.com/SwiftyBeaver/SwiftyBeaver.git",
        "state": {
          "branch": null,
          "revision": "36858b23737d8480a7bee7ec5407780fab3c0aea",
          "version": "1.4.3"
        }
      },
      {
        "package": "Titan",
        "repositoryURL": "https://github.com/bermudadigitalstudio/Titan.git",
        "state": {
          "branch": null,
          "revision": "2378f79390ce4ba0f5c5f560e1c24bb587568533",
          "version": "0.8.0"
        }
      }
    ]
  },
  "version": 1
}
